// !$*UTF8*$!
{
	archiveVersion = 1;
	classes = {
	};
	objectVersion = 46;
	objects = {

/* Begin PBXBuildFile section */
		1819F7821BEF29D40080D429 /* main_bg@2x.png in Resources */ = {isa = PBXBuildFile; fileRef = 1819F7801BEF29D40080D429 /* main_bg@2x.png */; };
		1819F7831BEF29D40080D429 /* menu_bg@2x.png in Resources */ = {isa = PBXBuildFile; fileRef = 1819F7811BEF29D40080D429 /* menu_bg@2x.png */; };
		1819F7851BEF29DA0080D429 /* power_off@2x.png in Resources */ = {isa = PBXBuildFile; fileRef = 1819F7841BEF29DA0080D429 /* power_off@2x.png */; };
		1819F7871BEF2A230080D429 /* power_on@2x.png in Resources */ = {isa = PBXBuildFile; fileRef = 1819F7861BEF2A230080D429 /* power_on@2x.png */; };
		1819F7891BEF2A4F0080D429 /* light_pl.png in Resources */ = {isa = PBXBuildFile; fileRef = 1819F7881BEF2A4F0080D429 /* light_pl.png */; };
		1819F78B1BEF2A660080D429 /* ic_cfg.png in Resources */ = {isa = PBXBuildFile; fileRef = 1819F78A1BEF2A660080D429 /* ic_cfg.png */; };
		1819F78D1BEF2A9B0080D429 /* title_bg_ios7@2x.png in Resources */ = {isa = PBXBuildFile; fileRef = 1819F78C1BEF2A9B0080D429 /* title_bg_ios7@2x.png */; };
		1819F78F1BEF2A9F0080D429 /* title_bg@2x.png in Resources */ = {isa = PBXBuildFile; fileRef = 1819F78E1BEF2A9F0080D429 /* title_bg@2x.png */; };
		1819F7911BEF2AD20080D429 /* nav_menu_icon@2x.png in Resources */ = {isa = PBXBuildFile; fileRef = 1819F7901BEF2AD20080D429 /* nav_menu_icon@2x.png */; };
		9707DFE81940059100631FB7 /* Foundation.framework in Frameworks */ = {isa = PBXBuildFile; fileRef = 9707DFE71940059100631FB7 /* Foundation.framework */; };
		9707DFEA1940059100631FB7 /* CoreGraphics.framework in Frameworks */ = {isa = PBXBuildFile; fileRef = 9707DFE91940059100631FB7 /* CoreGraphics.framework */; };
		9707DFEC1940059100631FB7 /* UIKit.framework in Frameworks */ = {isa = PBXBuildFile; fileRef = 9707DFEB1940059100631FB7 /* UIKit.framework */; };
		9707DFF21940059100631FB7 /* InfoPlist.strings in Resources */ = {isa = PBXBuildFile; fileRef = 9707DFF01940059100631FB7 /* InfoPlist.strings */; };
		9707DFF41940059100631FB7 /* main.m in Sources */ = {isa = PBXBuildFile; fileRef = 9707DFF31940059100631FB7 /* main.m */; };
		9707DFF81940059100631FB7 /* AppDelegate.m in Sources */ = {isa = PBXBuildFile; fileRef = 9707DFF71940059100631FB7 /* AppDelegate.m */; };
		9707DFFB1940059100631FB7 /* Main.storyboard in Resources */ = {isa = PBXBuildFile; fileRef = 9707DFF91940059100631FB7 /* Main.storyboard */; };
		9707DFFE1940059100631FB7 /* ViewController.m in Sources */ = {isa = PBXBuildFile; fileRef = 9707DFFD1940059100631FB7 /* ViewController.m */; };
		9707E0001940059100631FB7 /* Images.xcassets in Resources */ = {isa = PBXBuildFile; fileRef = 9707DFFF1940059100631FB7 /* Images.xcassets */; };
		9707E01E1940075700631FB7 /* MeunViewController.m in Sources */ = {isa = PBXBuildFile; fileRef = 9707E01D1940075700631FB7 /* MeunViewController.m */; };
		9707E021194007EC00631FB7 /* DDMenuController.m in Sources */ = {isa = PBXBuildFile; fileRef = 9707E020194007EC00631FB7 /* DDMenuController.m */; };
		972FBED41941C1BC00092361 /* icon.png in Resources */ = {isa = PBXBuildFile; fileRef = 972FBED31941C1BC00092361 /* icon.png */; };
/* End PBXBuildFile section */

/* Begin PBXFileReference section */
		1819F7801BEF29D40080D429 /* main_bg@2x.png */ = {isa = PBXFileReference; lastKnownFileType = image.png; path = "main_bg@2x.png"; sourceTree = "<group>"; };
		1819F7811BEF29D40080D429 /* menu_bg@2x.png */ = {isa = PBXFileReference; lastKnownFileType = image.png; path = "menu_bg@2x.png"; sourceTree = "<group>"; };
		1819F7841BEF29DA0080D429 /* power_off@2x.png */ = {isa = PBXFileReference; lastKnownFileType = image.png; path = "power_off@2x.png"; sourceTree = "<group>"; };
		1819F7861BEF2A230080D429 /* power_on@2x.png */ = {isa = PBXFileReference; lastKnownFileType = image.png; path = "power_on@2x.png"; sourceTree = "<group>"; };
		1819F7881BEF2A4F0080D429 /* light_pl.png */ = {isa = PBXFileReference; lastKnownFileType = image.png; path = light_pl.png; sourceTree = "<group>"; };
		1819F78A1BEF2A660080D429 /* ic_cfg.png */ = {isa = PBXFileReference; lastKnownFileType = image.png; path = ic_cfg.png; sourceTree = "<group>"; };
		1819F78C1BEF2A9B0080D429 /* title_bg_ios7@2x.png */ = {isa = PBXFileReference; lastKnownFileType = image.png; path = "title_bg_ios7@2x.png"; sourceTree = "<group>"; };
		1819F78E1BEF2A9F0080D429 /* title_bg@2x.png */ = {isa = PBXFileReference; lastKnownFileType = image.png; path = "title_bg@2x.png"; sourceTree = "<group>"; };
		1819F7901BEF2AD20080D429 /* nav_menu_icon@2x.png */ = {isa = PBXFileReference; lastKnownFileType = image.png; path = "nav_menu_icon@2x.png"; sourceTree = "<group>"; };
		9707DFE41940059100631FB7 /* ADMBL.app */ = {isa = PBXFileReference; explicitFileType = wrapper.application; includeInIndex = 0; path = ADMBL.app; sourceTree = BUILT_PRODUCTS_DIR; };
		9707DFE71940059100631FB7 /* Foundation.framework */ = {isa = PBXFileReference; lastKnownFileType = wrapper.framework; name = Foundation.framework; path = System/Library/Frameworks/Foundation.framework; sourceTree = SDKROOT; };
		9707DFE91940059100631FB7 /* CoreGraphics.framework */ = {isa = PBXFileReference; lastKnownFileType = wrapper.framework; name = CoreGraphics.framework; path = System/Library/Frameworks/CoreGraphics.framework; sourceTree = SDKROOT; };
		9707DFEB1940059100631FB7 /* UIKit.framework */ = {isa = PBXFileReference; lastKnownFileType = wrapper.framework; name = UIKit.framework; path = System/Library/Frameworks/UIKit.framework; sourceTree = SDKROOT; };
		9707DFEF1940059100631FB7 /* ADMBL-Info.plist */ = {isa = PBXFileReference; lastKnownFileType = text.plist.xml; path = "ADMBL-Info.plist"; sourceTree = "<group>"; };
		9707DFF11940059100631FB7 /* en */ = {isa = PBXFileReference; lastKnownFileType = text.plist.strings; name = en; path = en.lproj/InfoPlist.strings; sourceTree = "<group>"; };
		9707DFF31940059100631FB7 /* main.m */ = {isa = PBXFileReference; lastKnownFileType = sourcecode.c.objc; path = main.m; sourceTree = "<group>"; };
		9707DFF51940059100631FB7 /* ADMBL-Prefix.pch */ = {isa = PBXFileReference; lastKnownFileType = sourcecode.c.h; path = "ADMBL-Prefix.pch"; sourceTree = "<group>"; };
		9707DFF61940059100631FB7 /* AppDelegate.h */ = {isa = PBXFileReference; lastKnownFileType = sourcecode.c.h; path = AppDelegate.h; sourceTree = "<group>"; };
		9707DFF71940059100631FB7 /* AppDelegate.m */ = {isa = PBXFileReference; lastKnownFileType = sourcecode.c.objc; path = AppDelegate.m; sourceTree = "<group>"; };
		9707DFFA1940059100631FB7 /* Base */ = {isa = PBXFileReference; lastKnownFileType = file.storyboard; name = Base; path = Base.lproj/Main.storyboard; sourceTree = "<group>"; };
		9707DFFC1940059100631FB7 /* ViewController.h */ = {isa = PBXFileReference; lastKnownFileType = sourcecode.c.h; path = ViewController.h; sourceTree = "<group>"; };
		9707DFFD1940059100631FB7 /* ViewController.m */ = {isa = PBXFileReference; lastKnownFileType = sourcecode.c.objc; path = ViewController.m; sourceTree = "<group>"; };
		9707DFFF1940059100631FB7 /* Images.xcassets */ = {isa = PBXFileReference; lastKnownFileType = folder.assetcatalog; path = Images.xcassets; sourceTree = "<group>"; };
		9707E0061940059100631FB7 /* XCTest.framework */ = {isa = PBXFileReference; lastKnownFileType = wrapper.framework; name = XCTest.framework; path = Library/Frameworks/XCTest.framework; sourceTree = DEVELOPER_DIR; };
		9707E01C1940075700631FB7 /* MeunViewController.h */ = {isa = PBXFileReference; fileEncoding = 4; lastKnownFileType = sourcecode.c.h; path = MeunViewController.h; sourceTree = "<group>"; };
		9707E01D1940075700631FB7 /* MeunViewController.m */ = {isa = PBXFileReference; fileEncoding = 4; lastKnownFileType = sourcecode.c.objc; path = MeunViewController.m; sourceTree = "<group>"; };
		9707E01F194007EC00631FB7 /* DDMenuController.h */ = {isa = PBXFileReference; fileEncoding = 4; lastKnownFileType = sourcecode.c.h; path = DDMenuController.h; sourceTree = "<group>"; };
		9707E020194007EC00631FB7 /* DDMenuController.m */ = {isa = PBXFileReference; fileEncoding = 4; lastKnownFileType = sourcecode.c.objc; path = DDMenuController.m; sourceTree = "<group>"; };
		972FBED31941C1BC00092361 /* icon.png */ = {isa = PBXFileReference; lastKnownFileType = image.png; path = icon.png; sourceTree = "<group>"; };
/* End PBXFileReference section */

/* Begin PBXFrameworksBuildPhase section */
		9707DFE11940059100631FB7 /* Frameworks */ = {
			isa = PBXFrameworksBuildPhase;
			buildActionMask = 2147483647;
			files = (
				9707DFEA1940059100631FB7 /* CoreGraphics.framework in Frameworks */,
				9707DFEC1940059100631FB7 /* UIKit.framework in Frameworks */,
				9707DFE81940059100631FB7 /* Foundation.framework in Frameworks */,
			);
			runOnlyForDeploymentPostprocessing = 0;
		};
/* End PBXFrameworksBuildPhase section */

/* Begin PBXGroup section */
		1819F7921BEF2ADA0080D429 /* Image */ = {
			isa = PBXGroup;
			children = (
				1819F7801BEF29D40080D429 /* main_bg@2x.png */,
				1819F7811BEF29D40080D429 /* menu_bg@2x.png */,
				1819F7841BEF29DA0080D429 /* power_off@2x.png */,
				1819F7861BEF2A230080D429 /* power_on@2x.png */,
				1819F7881BEF2A4F0080D429 /* light_pl.png */,
				1819F78A1BEF2A660080D429 /* ic_cfg.png */,
				1819F78C1BEF2A9B0080D429 /* title_bg_ios7@2x.png */,
				1819F78E1BEF2A9F0080D429 /* title_bg@2x.png */,
				1819F7901BEF2AD20080D429 /* nav_menu_icon@2x.png */,
			);
			name = Image;
			sourceTree = "<group>";
		};
		9707DFDB1940059100631FB7 = {
			isa = PBXGroup;
			children = (
				9707DFED1940059100631FB7 /* AD_BL */,
				9707DFE61940059100631FB7 /* Frameworks */,
				9707DFE51940059100631FB7 /* Products */,
			);
			sourceTree = "<group>";
		};
		9707DFE51940059100631FB7 /* Products */ = {
			isa = PBXGroup;
			children = (
				9707DFE41940059100631FB7 /* ADMBL.app */,
			);
			name = Products;
			sourceTree = "<group>";
		};
		9707DFE61940059100631FB7 /* Frameworks */ = {
			isa = PBXGroup;
			children = (
				9707DFE71940059100631FB7 /* Foundation.framework */,
				9707DFE91940059100631FB7 /* CoreGraphics.framework */,
				9707DFEB1940059100631FB7 /* UIKit.framework */,
				9707E0061940059100631FB7 /* XCTest.framework */,
			);
			name = Frameworks;
			sourceTree = "<group>";
		};
		9707DFED1940059100631FB7 /* AD_BL */ = {
			isa = PBXGroup;
			children = (
				9707DFF61940059100631FB7 /* AppDelegate.h */,
				9707DFF71940059100631FB7 /* AppDelegate.m */,
				9707DFF91940059100631FB7 /* Main.storyboard */,
				9707DFFC1940059100631FB7 /* ViewController.h */,
				9707DFFD1940059100631FB7 /* ViewController.m */,
				9707E01C1940075700631FB7 /* MeunViewController.h */,
				9707E01D1940075700631FB7 /* MeunViewController.m */,
				9707E01F194007EC00631FB7 /* DDMenuController.h */,
				9707E020194007EC00631FB7 /* DDMenuController.m */,
				9707DFFF1940059100631FB7 /* Images.xcassets */,
				1819F7921BEF2ADA0080D429 /* Image */,
				9707DFEE1940059100631FB7 /* Supporting Files */,
			);
			path = AD_BL;
			sourceTree = "<group>";
		};
		9707DFEE1940059100631FB7 /* Supporting Files */ = {
			isa = PBXGroup;
			children = (
				9707DFEF1940059100631FB7 /* ADMBL-Info.plist */,
				9707DFF01940059100631FB7 /* InfoPlist.strings */,
				9707DFF31940059100631FB7 /* main.m */,
				9707DFF51940059100631FB7 /* ADMBL-Prefix.pch */,
				972FBED31941C1BC00092361 /* icon.png */,
				9707E022194018F100631FB7 /* Image */,
			);
			name = "Supporting Files";
			sourceTree = "<group>";
		};
		9707E022194018F100631FB7 /* Image */ = {
			isa = PBXGroup;
			children = (
			);
			name = Image;
			sourceTree = "<group>";
		};
/* End PBXGroup section */

/* Begin PBXNativeTarget section */
		9707DFE31940059100631FB7 /* ADMBL */ = {
			isa = PBXNativeTarget;
			buildConfigurationList = 9707E0161940059100631FB7 /* Build configuration list for PBXNativeTarget "ADMBL" */;
			buildPhases = (
				9707DFE01940059100631FB7 /* Sources */,
				9707DFE11940059100631FB7 /* Frameworks */,
				9707DFE21940059100631FB7 /* Resources */,
			);
			buildRules = (
			);
			dependencies = (
			);
			name = ADMBL;
			productName = AD_BL;
			productReference = 9707DFE41940059100631FB7 /* ADMBL.app */;
			productType = "com.apple.product-type.application";
		};
/* End PBXNativeTarget section */

/* Begin PBXProject section */
		9707DFDC1940059100631FB7 /* Project object */ = {
			isa = PBXProject;
			attributes = {
				LastUpgradeCheck = 0710;
				ORGANIZATIONNAME = com.aidian;
			};
			buildConfigurationList = 9707DFDF1940059100631FB7 /* Build configuration list for PBXProject "ADMBL" */;
			compatibilityVersion = "Xcode 3.2";
			developmentRegion = English;
			hasScannedForEncodings = 0;
			knownRegions = (
				en,
				Base,
			);
			mainGroup = 9707DFDB1940059100631FB7;
			productRefGroup = 9707DFE51940059100631FB7 /* Products */;
			projectDirPath = "";
			projectRoot = "";
			targets = (
				9707DFE31940059100631FB7 /* ADMBL */,
			);
		};
/* End PBXProject section */

/* Begin PBXResourcesBuildPhase section */
		9707DFE21940059100631FB7 /* Resources */ = {
			isa = PBXResourcesBuildPhase;
			buildActionMask = 2147483647;
			files = (
				1819F78B1BEF2A660080D429 /* ic_cfg.png in Resources */,
				9707E0001940059100631FB7 /* Images.xcassets in Resources */,
				9707DFF21940059100631FB7 /* InfoPlist.strings in Resources */,
				1819F7891BEF2A4F0080D429 /* light_pl.png in Resources */,
				1819F7851BEF29DA0080D429 /* power_off@2x.png in Resources */,
				1819F7831BEF29D40080D429 /* menu_bg@2x.png in Resources */,
				972FBED41941C1BC00092361 /* icon.png in Resources */,
				1819F7871BEF2A230080D429 /* power_on@2x.png in Resources */,
				1819F7821BEF29D40080D429 /* main_bg@2x.png in Resources */,
				1819F78D1BEF2A9B0080D429 /* title_bg_ios7@2x.png in Resources */,
				1819F78F1BEF2A9F0080D429 /* title_bg@2x.png in Resources */,
				9707DFFB1940059100631FB7 /* Main.storyboard in Resources */,
				1819F7911BEF2AD20080D429 /* nav_menu_icon@2x.png in Resources */,
			);
			runOnlyForDeploymentPostprocessing = 0;
		};
/* End PBXResourcesBuildPhase section */

/* Begin PBXSourcesBuildPhase section */
		9707DFE01940059100631FB7 /* Sources */ = {
			isa = PBXSourcesBuildPhase;
			buildActionMask = 2147483647;
			files = (
				9707DFFE1940059100631FB7 /* ViewController.m in Sources */,
				9707E021194007EC00631FB7 /* DDMenuController.m in Sources */,
				9707DFF81940059100631FB7 /* AppDelegate.m in Sources */,
				9707DFF41940059100631FB7 /* main.m in Sources */,
				9707E01E1940075700631FB7 /* MeunViewController.m in Sources */,
			);
			runOnlyForDeploymentPostprocessing = 0;
		};
/* End PBXSourcesBuildPhase section */

/* Begin PBXVariantGroup section */
		9707DFF01940059100631FB7 /* InfoPlist.strings */ = {
			isa = PBXVariantGroup;
			children = (
				9707DFF11940059100631FB7 /* en */,
			);
			name = InfoPlist.strings;
			sourceTree = "<group>";
		};
		9707DFF91940059100631FB7 /* Main.storyboard */ = {
			isa = PBXVariantGroup;
			children = (
				9707DFFA1940059100631FB7 /* Base */,
			);
			name = Main.storyboard;
			sourceTree = "<group>";
		};
/* End PBXVariantGroup section */

/* Begin XCBuildConfiguration section */
		9707E0141940059100631FB7 /* Debug */ = {
			isa = XCBuildConfiguration;
			buildSettings = {
				ALWAYS_SEARCH_USER_PATHS = NO;
				CLANG_CXX_LANGUAGE_STANDARD = "gnu++0x";
				CLANG_CXX_LIBRARY = "libc++";
				CLANG_ENABLE_MODULES = YES;
				CLANG_ENABLE_OBJC_ARC = YES;
				CLANG_WARN_BOOL_CONVERSION = YES;
				CLANG_WARN_CONSTANT_CONVERSION = YES;
				CLANG_WARN_DIRECT_OBJC_ISA_USAGE = YES_ERROR;
				CLANG_WARN_EMPTY_BODY = YES;
				CLANG_WARN_ENUM_CONVERSION = YES;
				CLANG_WARN_INT_CONVERSION = YES;
				CLANG_WARN_OBJC_ROOT_CLASS = YES_ERROR;
				CLANG_WARN__DUPLICATE_METHOD_MATCH = YES;
				CODE_SIGN_IDENTITY = "iPhone Developer";
				"CODE_SIGN_IDENTITY[sdk=iphoneos*]" = "iPhone Developer";
				COPY_PHASE_STRIP = NO;
				ENABLE_TESTABILITY = YES;
				GCC_C_LANGUAGE_STANDARD = gnu99;
				GCC_DYNAMIC_NO_PIC = NO;
				GCC_OPTIMIZATION_LEVEL = 0;
				GCC_PREPROCESSOR_DEFINITIONS = (
					"DEBUG=1",
					"$(inherited)",
				);
				GCC_SYMBOLS_PRIVATE_EXTERN = NO;
				GCC_WARN_64_TO_32_BIT_CONVERSION = YES;
				GCC_WARN_ABOUT_RETURN_TYPE = YES_ERROR;
				GCC_WARN_UNDECLARED_SELECTOR = YES;
				GCC_WARN_UNINITIALIZED_AUTOS = YES_AGGRESSIVE;
				GCC_WARN_UNUSED_FUNCTION = YES;
				GCC_WARN_UNUSED_VARIABLE = YES;
				IPHONEOS_DEPLOYMENT_TARGET = 7.0;
				ONLY_ACTIVE_ARCH = YES;
				PROVISIONING_PROFILE = "";
				SDKROOT = iphoneos;
			};
			name = Debug;
		};
		9707E0151940059100631FB7 /* Release */ = {
			isa = XCBuildConfiguration;
			buildSettings = {
				ALWAYS_SEARCH_USER_PATHS = NO;
				CLANG_CXX_LANGUAGE_STANDARD = "gnu++0x";
				CLANG_CXX_LIBRARY = "libc++";
				CLANG_ENABLE_MODULES = YES;
				CLANG_ENABLE_OBJC_ARC = YES;
				CLANG_WARN_BOOL_CONVERSION = YES;
				CLANG_WARN_CONSTANT_CONVERSION = YES;
				CLANG_WARN_DIRECT_OBJC_ISA_USAGE = YES_ERROR;
				CLANG_WARN_EMPTY_BODY = YES;
				CLANG_WARN_ENUM_CONVERSION = YES;
				CLANG_WARN_INT_CONVERSION = YES;
				CLANG_WARN_OBJC_ROOT_CLASS = YES_ERROR;
				CLANG_WARN__DUPLICATE_METHOD_MATCH = YES;
				CODE_SIGN_IDENTITY = "iPhone Developer";
				"CODE_SIGN_IDENTITY[sdk=iphoneos*]" = "iPhone Developer";
				COPY_PHASE_STRIP = YES;
				ENABLE_NS_ASSERTIONS = NO;
				GCC_C_LANGUAGE_STANDARD = gnu99;
				GCC_WARN_64_TO_32_BIT_CONVERSION = YES;
				GCC_WARN_ABOUT_RETURN_TYPE = YES_ERROR;
				GCC_WARN_UNDECLARED_SELECTOR = YES;
				GCC_WARN_UNINITIALIZED_AUTOS = YES_AGGRESSIVE;
				GCC_WARN_UNUSED_FUNCTION = YES;
				GCC_WARN_UNUSED_VARIABLE = YES;
				IPHONEOS_DEPLOYMENT_TARGET = 7.0;
				PROVISIONING_PROFILE = "";
				SDKROOT = iphoneos;
				VALIDATE_PRODUCT = YES;
			};
			name = Release;
		};
		9707E0171940059100631FB7 /* Debug */ = {
			isa = XCBuildConfiguration;
			buildSettings = {
				ASSETCATALOG_COMPILER_APPICON_NAME = AppIcon;
				ASSETCATALOG_COMPILER_LAUNCHIMAGE_NAME = LaunchImage;
				CODE_SIGN_IDENTITY = "iPhone Developer";
				"CODE_SIGN_IDENTITY[sdk=iphoneos*]" = "iPhone Developer";
				GCC_PRECOMPILE_PREFIX_HEADER = YES;
				GCC_PREFIX_HEADER = "AD_BL/ADMBL-Prefix.pch";
				INFOPLIST_FILE = "AD_BL/ADMBL-Info.plist";
				IPHONEOS_DEPLOYMENT_TARGET = 6.0;
				PRODUCT_BUNDLE_IDENTIFIER = "com.aidian.${PRODUCT_NAME:rfc1034identifier}";
				PRODUCT_NAME = ADMBL;
				PROVISIONING_PROFILE = "";
				WRAPPER_EXTENSION = app;
			};
			name = Debug;
		};
		9707E0181940059100631FB7 /* Release */ = {
			isa = XCBuildConfiguration;
			buildSettings = {
				ASSETCATALOG_COMPILER_APPICON_NAME = AppIcon;
				ASSETCATALOG_COMPILER_LAUNCHIMAGE_NAME = LaunchImage;
				CODE_SIGN_IDENTITY = "iPhone Developer";
				"CODE_SIGN_IDENTITY[sdk=iphoneos*]" = "iPhone Developer";
				GCC_PRECOMPILE_PREFIX_HEADER = YES;
				GCC_PREFIX_HEADER = "AD_BL/ADMBL-Prefix.pch";
				INFOPLIST_FILE = "AD_BL/ADMBL-Info.plist";
				IPHONEOS_DEPLOYMENT_TARGET = 6.0;
				PRODUCT_BUNDLE_IDENTIFIER = "com.aidian.${PRODUCT_NAME:rfc1034identifier}";
				PRODUCT_NAME = ADMBL;
				PROVISIONING_PROFILE = "";
				WRAPPER_EXTENSION = app;
			};
			name = Release;
		};
/* End XCBuildConfiguration section */

/* Begin XCConfigurationList section */
		9707DFDF1940059100631FB7 /* Build configuration list for PBXProject "ADMBL" */ = {
			isa = XCConfigurationList;
			buildConfigurations = (
				9707E0141940059100631FB7 /* Debug */,
				9707E0151940059100631FB7 /* Release */,
			);
			defaultConfigurationIsVisible = 0;
			defaultConfigurationName = Release;
		};
		9707E0161940059100631FB7 /* Build configuration list for PBXNativeTarget "ADMBL" */ = {
			isa = XCConfigurationList;
			buildConfigurations = (
				9707E0171940059100631FB7 /* Debug */,
				9707E0181940059100631FB7 /* Release */,
			);
			defaultConfigurationIsVisible = 0;
			defaultConfigurationName = Release;
		};
/* End XCConfigurationList section */
	};
	rootObject = 9707DFDC1940059100631FB7 /* Project object */;
}
