// !$*UTF8*$!
{
	archiveVersion = 1;
	classes = {
	};
	objectVersion = 46;
	objects = {

/* Begin PBXBuildFile section */
		18E038571BE78F31004DB1BF /* BIDContentCell.m in Sources */ = {isa = PBXBuildFile; fileRef = 18E038541BE78F31004DB1BF /* BIDContentCell.m */; };
		6550E4D11BE62AC2008149AC /* main.m in Sources */ = {isa = PBXBuildFile; fileRef = 6550E4D01BE62AC2008149AC /* main.m */; };
		6550E4D41BE62AC2008149AC /* AppDelegate.m in Sources */ = {isa = PBXBuildFile; fileRef = 6550E4D31BE62AC2008149AC /* AppDelegate.m */; };
		6550E4D71BE62AC2008149AC /* ViewController.m in Sources */ = {isa = PBXBuildFile; fileRef = 6550E4D61BE62AC2008149AC /* ViewController.m */; };
		6550E4DC1BE62AC2008149AC /* Images.xcassets in Resources */ = {isa = PBXBuildFile; fileRef = 6550E4DB1BE62AC2008149AC /* Images.xcassets */; };
		6550E4DF1BE62AC2008149AC /* LaunchScreen.xib in Resources */ = {isa = PBXBuildFile; fileRef = 6550E4DD1BE62AC2008149AC /* LaunchScreen.xib */; };
		6550E4EB1BE62AC3008149AC /* ______Tests.m in Sources */ = {isa = PBXBuildFile; fileRef = 6550E4EA1BE62AC3008149AC /* ______Tests.m */; };
		6550E4F81BE62B0F008149AC /* 添加图片.png in Resources */ = {isa = PBXBuildFile; fileRef = 6550E4F61BE62B0F008149AC /* 添加图片.png */; };
		65996FA61BE838FA003045AC /* 选中.png in Resources */ = {isa = PBXBuildFile; fileRef = 65996FA51BE838FA003045AC /* 选中.png */; };
		65A092FB1BE9ACBF00CA4802 /* ImageViewController.m in Sources */ = {isa = PBXBuildFile; fileRef = 65A092FA1BE9ACBF00CA4802 /* ImageViewController.m */; };
/* End PBXBuildFile section */

/* Begin PBXContainerItemProxy section */
		6550E4E51BE62AC3008149AC /* PBXContainerItemProxy */ = {
			isa = PBXContainerItemProxy;
			containerPortal = 6550E4C31BE62AC2008149AC /* Project object */;
			proxyType = 1;
			remoteGlobalIDString = 6550E4CA1BE62AC2008149AC;
			remoteInfo = "获取多张图片";
		};
/* End PBXContainerItemProxy section */

/* Begin PBXFileReference section */
		18E038531BE78F31004DB1BF /* BIDContentCell.h */ = {isa = PBXFileReference; fileEncoding = 4; lastKnownFileType = sourcecode.c.h; path = BIDContentCell.h; sourceTree = "<group>"; };
		18E038541BE78F31004DB1BF /* BIDContentCell.m */ = {isa = PBXFileReference; fileEncoding = 4; lastKnownFileType = sourcecode.c.objc; path = BIDContentCell.m; sourceTree = "<group>"; };
		6550E4CB1BE62AC2008149AC /* 获取多张图片.app */ = {isa = PBXFileReference; explicitFileType = wrapper.application; includeInIndex = 0; path = "获取多张图片.app"; sourceTree = BUILT_PRODUCTS_DIR; };
		6550E4CF1BE62AC2008149AC /* Info.plist */ = {isa = PBXFileReference; lastKnownFileType = text.plist.xml; path = Info.plist; sourceTree = "<group>"; };
		6550E4D01BE62AC2008149AC /* main.m */ = {isa = PBXFileReference; lastKnownFileType = sourcecode.c.objc; path = main.m; sourceTree = "<group>"; };
		6550E4D21BE62AC2008149AC /* AppDelegate.h */ = {isa = PBXFileReference; lastKnownFileType = sourcecode.c.h; path = AppDelegate.h; sourceTree = "<group>"; };
		6550E4D31BE62AC2008149AC /* AppDelegate.m */ = {isa = PBXFileReference; lastKnownFileType = sourcecode.c.objc; path = AppDelegate.m; sourceTree = "<group>"; };
		6550E4D51BE62AC2008149AC /* ViewController.h */ = {isa = PBXFileReference; lastKnownFileType = sourcecode.c.h; path = ViewController.h; sourceTree = "<group>"; };
		6550E4D61BE62AC2008149AC /* ViewController.m */ = {isa = PBXFileReference; lastKnownFileType = sourcecode.c.objc; path = ViewController.m; sourceTree = "<group>"; };
		6550E4DB1BE62AC2008149AC /* Images.xcassets */ = {isa = PBXFileReference; lastKnownFileType = folder.assetcatalog; path = Images.xcassets; sourceTree = "<group>"; };
		6550E4DE1BE62AC2008149AC /* Base */ = {isa = PBXFileReference; lastKnownFileType = file.xib; name = Base; path = Base.lproj/LaunchScreen.xib; sourceTree = "<group>"; };
		6550E4E41BE62AC3008149AC /* 获取多张图片Tests.xctest */ = {isa = PBXFileReference; explicitFileType = wrapper.cfbundle; includeInIndex = 0; path = "获取多张图片Tests.xctest"; sourceTree = BUILT_PRODUCTS_DIR; };
		6550E4E91BE62AC3008149AC /* Info.plist */ = {isa = PBXFileReference; lastKnownFileType = text.plist.xml; path = Info.plist; sourceTree = "<group>"; };
		6550E4EA1BE62AC3008149AC /* ______Tests.m */ = {isa = PBXFileReference; lastKnownFileType = sourcecode.c.objc; path = "______Tests.m"; sourceTree = "<group>"; };
		6550E4F41BE62B0F008149AC /* Header.h */ = {isa = PBXFileReference; fileEncoding = 4; lastKnownFileType = sourcecode.c.h; path = Header.h; sourceTree = "<group>"; };
		6550E4F61BE62B0F008149AC /* 添加图片.png */ = {isa = PBXFileReference; lastKnownFileType = image.png; path = "添加图片.png"; sourceTree = "<group>"; };
		65996FA51BE838FA003045AC /* 选中.png */ = {isa = PBXFileReference; lastKnownFileType = image.png; path = "选中.png"; sourceTree = "<group>"; };
		65A092F91BE9ACBF00CA4802 /* ImageViewController.h */ = {isa = PBXFileReference; fileEncoding = 4; lastKnownFileType = sourcecode.c.h; path = ImageViewController.h; sourceTree = "<group>"; };
		65A092FA1BE9ACBF00CA4802 /* ImageViewController.m */ = {isa = PBXFileReference; fileEncoding = 4; lastKnownFileType = sourcecode.c.objc; path = ImageViewController.m; sourceTree = "<group>"; };
/* End PBXFileReference section */

/* Begin PBXFrameworksBuildPhase section */
		6550E4C81BE62AC2008149AC /* Frameworks */ = {
			isa = PBXFrameworksBuildPhase;
			buildActionMask = 2147483647;
			files = (
			);
			runOnlyForDeploymentPostprocessing = 0;
		};
		6550E4E11BE62AC2008149AC /* Frameworks */ = {
			isa = PBXFrameworksBuildPhase;
			buildActionMask = 2147483647;
			files = (
			);
			runOnlyForDeploymentPostprocessing = 0;
		};
/* End PBXFrameworksBuildPhase section */

/* Begin PBXGroup section */
		6550E4C21BE62AC2008149AC = {
			isa = PBXGroup;
			children = (
				6550E4CD1BE62AC2008149AC /* 获取多张图片 */,
				6550E4E71BE62AC3008149AC /* 获取多张图片Tests */,
				6550E4CC1BE62AC2008149AC /* Products */,
			);
			sourceTree = "<group>";
		};
		6550E4CC1BE62AC2008149AC /* Products */ = {
			isa = PBXGroup;
			children = (
				6550E4CB1BE62AC2008149AC /* 获取多张图片.app */,
				6550E4E41BE62AC3008149AC /* 获取多张图片Tests.xctest */,
			);
			name = Products;
			sourceTree = "<group>";
		};
		6550E4CD1BE62AC2008149AC /* 获取多张图片 */ = {
			isa = PBXGroup;
			children = (
				65996FA51BE838FA003045AC /* 选中.png */,
				6550E4F61BE62B0F008149AC /* 添加图片.png */,
				6550E4D21BE62AC2008149AC /* AppDelegate.h */,
				6550E4D31BE62AC2008149AC /* AppDelegate.m */,
				6550E4D51BE62AC2008149AC /* ViewController.h */,
				6550E4D61BE62AC2008149AC /* ViewController.m */,
				18E038531BE78F31004DB1BF /* BIDContentCell.h */,
				18E038541BE78F31004DB1BF /* BIDContentCell.m */,
				65A092F91BE9ACBF00CA4802 /* ImageViewController.h */,
				65A092FA1BE9ACBF00CA4802 /* ImageViewController.m */,
				6550E4F41BE62B0F008149AC /* Header.h */,
				6550E4DB1BE62AC2008149AC /* Images.xcassets */,
				6550E4DD1BE62AC2008149AC /* LaunchScreen.xib */,
				6550E4CE1BE62AC2008149AC /* Supporting Files */,
			);
			path = "获取多张图片";
			sourceTree = "<group>";
		};
		6550E4CE1BE62AC2008149AC /* Supporting Files */ = {
			isa = PBXGroup;
			children = (
				6550E4CF1BE62AC2008149AC /* Info.plist */,
				6550E4D01BE62AC2008149AC /* main.m */,
			);
			name = "Supporting Files";
			sourceTree = "<group>";
		};
		6550E4E71BE62AC3008149AC /* 获取多张图片Tests */ = {
			isa = PBXGroup;
			children = (
				6550E4EA1BE62AC3008149AC /* ______Tests.m */,
				6550E4E81BE62AC3008149AC /* Supporting Files */,
			);
			path = "获取多张图片Tests";
			sourceTree = "<group>";
		};
		6550E4E81BE62AC3008149AC /* Supporting Files */ = {
			isa = PBXGroup;
			children = (
				6550E4E91BE62AC3008149AC /* Info.plist */,
			);
			name = "Supporting Files";
			sourceTree = "<group>";
		};
/* End PBXGroup section */

/* Begin PBXNativeTarget section */
		6550E4CA1BE62AC2008149AC /* 获取多张图片 */ = {
			isa = PBXNativeTarget;
			buildConfigurationList = 6550E4EE1BE62AC3008149AC /* Build configuration list for PBXNativeTarget "获取多张图片" */;
			buildPhases = (
				6550E4C71BE62AC2008149AC /* Sources */,
				6550E4C81BE62AC2008149AC /* Frameworks */,
				6550E4C91BE62AC2008149AC /* Resources */,
			);
			buildRules = (
			);
			dependencies = (
			);
			name = "获取多张图片";
			productName = "获取多张图片";
			productReference = 6550E4CB1BE62AC2008149AC /* 获取多张图片.app */;
			productType = "com.apple.product-type.application";
		};
		6550E4E31BE62AC2008149AC /* 获取多张图片Tests */ = {
			isa = PBXNativeTarget;
			buildConfigurationList = 6550E4F11BE62AC3008149AC /* Build configuration list for PBXNativeTarget "获取多张图片Tests" */;
			buildPhases = (
				6550E4E01BE62AC2008149AC /* Sources */,
				6550E4E11BE62AC2008149AC /* Frameworks */,
				6550E4E21BE62AC2008149AC /* Resources */,
			);
			buildRules = (
			);
			dependencies = (
				6550E4E61BE62AC3008149AC /* PBXTargetDependency */,
			);
			name = "获取多张图片Tests";
			productName = "获取多张图片Tests";
			productReference = 6550E4E41BE62AC3008149AC /* 获取多张图片Tests.xctest */;
			productType = "com.apple.product-type.bundle.unit-test";
		};
/* End PBXNativeTarget section */

/* Begin PBXProject section */
		6550E4C31BE62AC2008149AC /* Project object */ = {
			isa = PBXProject;
			attributes = {
				LastUpgradeCheck = 0640;
				ORGANIZATIONNAME = wing;
				TargetAttributes = {
					6550E4CA1BE62AC2008149AC = {
						CreatedOnToolsVersion = 6.4;
					};
					6550E4E31BE62AC2008149AC = {
						CreatedOnToolsVersion = 6.4;
						TestTargetID = 6550E4CA1BE62AC2008149AC;
					};
				};
			};
			buildConfigurationList = 6550E4C61BE62AC2008149AC /* Build configuration list for PBXProject "获取多张图片" */;
			compatibilityVersion = "Xcode 3.2";
			developmentRegion = English;
			hasScannedForEncodings = 0;
			knownRegions = (
				en,
				Base,
			);
			mainGroup = 6550E4C21BE62AC2008149AC;
			productRefGroup = 6550E4CC1BE62AC2008149AC /* Products */;
			projectDirPath = "";
			projectRoot = "";
			targets = (
				6550E4CA1BE62AC2008149AC /* 获取多张图片 */,
				6550E4E31BE62AC2008149AC /* 获取多张图片Tests */,
			);
		};
/* End PBXProject section */

/* Begin PBXResourcesBuildPhase section */
		6550E4C91BE62AC2008149AC /* Resources */ = {
			isa = PBXResourcesBuildPhase;
			buildActionMask = 2147483647;
			files = (
				65996FA61BE838FA003045AC /* 选中.png in Resources */,
				6550E4F81BE62B0F008149AC /* 添加图片.png in Resources */,
				6550E4DF1BE62AC2008149AC /* LaunchScreen.xib in Resources */,
				6550E4DC1BE62AC2008149AC /* Images.xcassets in Resources */,
			);
			runOnlyForDeploymentPostprocessing = 0;
		};
		6550E4E21BE62AC2008149AC /* Resources */ = {
			isa = PBXResourcesBuildPhase;
			buildActionMask = 2147483647;
			files = (
			);
			runOnlyForDeploymentPostprocessing = 0;
		};
/* End PBXResourcesBuildPhase section */

/* Begin PBXSourcesBuildPhase section */
		6550E4C71BE62AC2008149AC /* Sources */ = {
			isa = PBXSourcesBuildPhase;
			buildActionMask = 2147483647;
			files = (
				65A092FB1BE9ACBF00CA4802 /* ImageViewController.m in Sources */,
				6550E4D71BE62AC2008149AC /* ViewController.m in Sources */,
				6550E4D41BE62AC2008149AC /* AppDelegate.m in Sources */,
				6550E4D11BE62AC2008149AC /* main.m in Sources */,
				18E038571BE78F31004DB1BF /* BIDContentCell.m in Sources */,
			);
			runOnlyForDeploymentPostprocessing = 0;
		};
		6550E4E01BE62AC2008149AC /* Sources */ = {
			isa = PBXSourcesBuildPhase;
			buildActionMask = 2147483647;
			files = (
				6550E4EB1BE62AC3008149AC /* ______Tests.m in Sources */,
			);
			runOnlyForDeploymentPostprocessing = 0;
		};
/* End PBXSourcesBuildPhase section */

/* Begin PBXTargetDependency section */
		6550E4E61BE62AC3008149AC /* PBXTargetDependency */ = {
			isa = PBXTargetDependency;
			target = 6550E4CA1BE62AC2008149AC /* 获取多张图片 */;
			targetProxy = 6550E4E51BE62AC3008149AC /* PBXContainerItemProxy */;
		};
/* End PBXTargetDependency section */

/* Begin PBXVariantGroup section */
		6550E4DD1BE62AC2008149AC /* LaunchScreen.xib */ = {
			isa = PBXVariantGroup;
			children = (
				6550E4DE1BE62AC2008149AC /* Base */,
			);
			name = LaunchScreen.xib;
			sourceTree = "<group>";
		};
/* End PBXVariantGroup section */

/* Begin XCBuildConfiguration section */
		6550E4EC1BE62AC3008149AC /* Debug */ = {
			isa = XCBuildConfiguration;
			buildSettings = {
				ALWAYS_SEARCH_USER_PATHS = NO;
				CLANG_CXX_LANGUAGE_STANDARD = "gnu++0x";
				CLANG_CXX_LIBRARY = "libc++";
				CLANG_ENABLE_MODULES = YES;
				CLANG_ENABLE_OBJC_ARC = YES;
				CLANG_WARN_BOOL_CONVERSION = YES;
				CLANG_WARN_CONSTANT_CONVERSION = YES;
				CLANG_WARN_DIRECT_OBJC_ISA_USAGE = YES_ERROR;
				CLANG_WARN_EMPTY_BODY = YES;
				CLANG_WARN_ENUM_CONVERSION = YES;
				CLANG_WARN_INT_CONVERSION = YES;
				CLANG_WARN_OBJC_ROOT_CLASS = YES_ERROR;
				CLANG_WARN_UNREACHABLE_CODE = YES;
				CLANG_WARN__DUPLICATE_METHOD_MATCH = YES;
				"CODE_SIGN_IDENTITY[sdk=iphoneos*]" = "iPhone Developer";
				COPY_PHASE_STRIP = NO;
				DEBUG_INFORMATION_FORMAT = "dwarf-with-dsym";
				ENABLE_STRICT_OBJC_MSGSEND = YES;
				GCC_C_LANGUAGE_STANDARD = gnu99;
				GCC_DYNAMIC_NO_PIC = NO;
				GCC_NO_COMMON_BLOCKS = YES;
				GCC_OPTIMIZATION_LEVEL = 0;
				GCC_PREPROCESSOR_DEFINITIONS = (
					"DEBUG=1",
					"$(inherited)",
				);
				GCC_SYMBOLS_PRIVATE_EXTERN = NO;
				GCC_WARN_64_TO_32_BIT_CONVERSION = YES;
				GCC_WARN_ABOUT_RETURN_TYPE = YES_ERROR;
				GCC_WARN_UNDECLARED_SELECTOR = YES;
				GCC_WARN_UNINITIALIZED_AUTOS = YES_AGGRESSIVE;
				GCC_WARN_UNUSED_FUNCTION = YES;
				GCC_WARN_UNUSED_VARIABLE = YES;
				IPHONEOS_DEPLOYMENT_TARGET = 8.4;
				MTL_ENABLE_DEBUG_INFO = YES;
				ONLY_ACTIVE_ARCH = YES;
				SDKROOT = iphoneos;
			};
			name = Debug;
		};
		6550E4ED1BE62AC3008149AC /* Release */ = {
			isa = XCBuildConfiguration;
			buildSettings = {
				ALWAYS_SEARCH_USER_PATHS = NO;
				CLANG_CXX_LANGUAGE_STANDARD = "gnu++0x";
				CLANG_CXX_LIBRARY = "libc++";
				CLANG_ENABLE_MODULES = YES;
				CLANG_ENABLE_OBJC_ARC = YES;
				CLANG_WARN_BOOL_CONVERSION = YES;
				CLANG_WARN_CONSTANT_CONVERSION = YES;
				CLANG_WARN_DIRECT_OBJC_ISA_USAGE = YES_ERROR;
				CLANG_WARN_EMPTY_BODY = YES;
				CLANG_WARN_ENUM_CONVERSION = YES;
				CLANG_WARN_INT_CONVERSION = YES;
				CLANG_WARN_OBJC_ROOT_CLASS = YES_ERROR;
				CLANG_WARN_UNREACHABLE_CODE = YES;
				CLANG_WARN__DUPLICATE_METHOD_MATCH = YES;
				"CODE_SIGN_IDENTITY[sdk=iphoneos*]" = "iPhone Developer";
				COPY_PHASE_STRIP = NO;
				DEBUG_INFORMATION_FORMAT = "dwarf-with-dsym";
				ENABLE_NS_ASSERTIONS = NO;
				ENABLE_STRICT_OBJC_MSGSEND = YES;
				GCC_C_LANGUAGE_STANDARD = gnu99;
				GCC_NO_COMMON_BLOCKS = YES;
				GCC_WARN_64_TO_32_BIT_CONVERSION = YES;
				GCC_WARN_ABOUT_RETURN_TYPE = YES_ERROR;
				GCC_WARN_UNDECLARED_SELECTOR = YES;
				GCC_WARN_UNINITIALIZED_AUTOS = YES_AGGRESSIVE;
				GCC_WARN_UNUSED_FUNCTION = YES;
				GCC_WARN_UNUSED_VARIABLE = YES;
				IPHONEOS_DEPLOYMENT_TARGET = 8.4;
				MTL_ENABLE_DEBUG_INFO = NO;
				SDKROOT = iphoneos;
				VALIDATE_PRODUCT = YES;
			};
			name = Release;
		};
		6550E4EF1BE62AC3008149AC /* Debug */ = {
			isa = XCBuildConfiguration;
			buildSettings = {
				ASSETCATALOG_COMPILER_APPICON_NAME = AppIcon;
				INFOPLIST_FILE = "获取多张图片/Info.plist";
				IPHONEOS_DEPLOYMENT_TARGET = 7.0;
				LD_RUNPATH_SEARCH_PATHS = "$(inherited) @executable_path/Frameworks";
				PRODUCT_NAME = "$(TARGET_NAME)";
			};
			name = Debug;
		};
		6550E4F01BE62AC3008149AC /* Release */ = {
			isa = XCBuildConfiguration;
			buildSettings = {
				ASSETCATALOG_COMPILER_APPICON_NAME = AppIcon;
				INFOPLIST_FILE = "获取多张图片/Info.plist";
				IPHONEOS_DEPLOYMENT_TARGET = 7.0;
				LD_RUNPATH_SEARCH_PATHS = "$(inherited) @executable_path/Frameworks";
				PRODUCT_NAME = "$(TARGET_NAME)";
			};
			name = Release;
		};
		6550E4F21BE62AC3008149AC /* Debug */ = {
			isa = XCBuildConfiguration;
			buildSettings = {
				BUNDLE_LOADER = "$(TEST_HOST)";
				FRAMEWORK_SEARCH_PATHS = (
					"$(SDKROOT)/Developer/Library/Frameworks",
					"$(inherited)",
				);
				GCC_PREPROCESSOR_DEFINITIONS = (
					"DEBUG=1",
					"$(inherited)",
				);
				INFOPLIST_FILE = "获取多张图片Tests/Info.plist";
				LD_RUNPATH_SEARCH_PATHS = "$(inherited) @executable_path/Frameworks @loader_path/Frameworks";
				PRODUCT_NAME = "$(TARGET_NAME)";
				TEST_HOST = "$(BUILT_PRODUCTS_DIR)/获取多张图片.app/获取多张图片";
			};
			name = Debug;
		};
		6550E4F31BE62AC3008149AC /* Release */ = {
			isa = XCBuildConfiguration;
			buildSettings = {
				BUNDLE_LOADER = "$(TEST_HOST)";
				FRAMEWORK_SEARCH_PATHS = (
					"$(SDKROOT)/Developer/Library/Frameworks",
					"$(inherited)",
				);
				INFOPLIST_FILE = "获取多张图片Tests/Info.plist";
				LD_RUNPATH_SEARCH_PATHS = "$(inherited) @executable_path/Frameworks @loader_path/Frameworks";
				PRODUCT_NAME = "$(TARGET_NAME)";
				TEST_HOST = "$(BUILT_PRODUCTS_DIR)/获取多张图片.app/获取多张图片";
			};
			name = Release;
		};
/* End XCBuildConfiguration section */

/* Begin XCConfigurationList section */
		6550E4C61BE62AC2008149AC /* Build configuration list for PBXProject "获取多张图片" */ = {
			isa = XCConfigurationList;
			buildConfigurations = (
				6550E4EC1BE62AC3008149AC /* Debug */,
				6550E4ED1BE62AC3008149AC /* Release */,
			);
			defaultConfigurationIsVisible = 0;
			defaultConfigurationName = Release;
		};
		6550E4EE1BE62AC3008149AC /* Build configuration list for PBXNativeTarget "获取多张图片" */ = {
			isa = XCConfigurationList;
			buildConfigurations = (
				6550E4EF1BE62AC3008149AC /* Debug */,
				6550E4F01BE62AC3008149AC /* Release */,
			);
			defaultConfigurationIsVisible = 0;
			defaultConfigurationName = Release;
		};
		6550E4F11BE62AC3008149AC /* Build configuration list for PBXNativeTarget "获取多张图片Tests" */ = {
			isa = XCConfigurationList;
			buildConfigurations = (
				6550E4F21BE62AC3008149AC /* Debug */,
				6550E4F31BE62AC3008149AC /* Release */,
			);
			defaultConfigurationIsVisible = 0;
			defaultConfigurationName = Release;
		};
/* End XCConfigurationList section */
	};
	rootObject = 6550E4C31BE62AC2008149AC /* Project object */;
}
